// !$*UTF8*$!
{
	archiveVersion = 1;
	classes = {
	};
	objectVersion = 51;
	objects = {

/* Begin PBXBuildFile section */
		0B2B17671872765B7E4EE690 /* Pods_On_the_MapTests.framework in Frameworks */ = {isa = PBXBuildFile; fileRef = 9A3DECEEFD162F9CAD5D1AEA /* Pods_On_the_MapTests.framework */; };
		9554E99AD0E07C686049C6F6 /* Pods_On_the_Map.framework in Frameworks */ = {isa = PBXBuildFile; fileRef = 886C2EC33501AC0810308341 /* Pods_On_the_Map.framework */; };
		E21DDBB92563B6A200480F16 /* UserProfile.swift in Sources */ = {isa = PBXBuildFile; fileRef = E21DDBB82563B6A200480F16 /* UserProfile.swift */; };
		E21DDBC22564DFD700480F16 /* AddLocationVC.swift in Sources */ = {isa = PBXBuildFile; fileRef = E21DDBC12564DFD700480F16 /* AddLocationVC.swift */; };
		E21DDBC72564E2FA00480F16 /* LocationPreviewVC.swift in Sources */ = {isa = PBXBuildFile; fileRef = E21DDBC62564E2FA00480F16 /* LocationPreviewVC.swift */; };
		E21DDBD42567FEC600480F16 /* Alert.swift in Sources */ = {isa = PBXBuildFile; fileRef = E21DDBD32567FEC600480F16 /* Alert.swift */; };
		E21DDBDD25680E7900480F16 /* MapViewVC.swift in Sources */ = {isa = PBXBuildFile; fileRef = E21DDBDC25680E7900480F16 /* MapViewVC.swift */; };
		E267851D255E724600741DAE /* StudentLocation.swift in Sources */ = {isa = PBXBuildFile; fileRef = E267851C255E724600741DAE /* StudentLocation.swift */; };
		E27A1775257E16DC0062D26B /* PostStudentLocationResponse.swift in Sources */ = {isa = PBXBuildFile; fileRef = E27A1774257E16DC0062D26B /* PostStudentLocationResponse.swift */; };
		E27A177A257E7C310062D26B /* UpdateStudentLocationResponse.swift in Sources */ = {isa = PBXBuildFile; fileRef = E27A1779257E7C310062D26B /* UpdateStudentLocationResponse.swift */; };
		E27A1782257E7E290062D26B /* DeleteSessionResponse.swift in Sources */ = {isa = PBXBuildFile; fileRef = E27A1781257E7E290062D26B /* DeleteSessionResponse.swift */; };
		E27A1787257E80730062D26B /* Session.swift in Sources */ = {isa = PBXBuildFile; fileRef = E27A1786257E80730062D26B /* Session.swift */; };
		E27A1792258856330062D26B /* UIViewController+Extensions.swift in Sources */ = {isa = PBXBuildFile; fileRef = E27A1791258856330062D26B /* UIViewController+Extensions.swift */; };
		E28BF9B9254EFBDE006669BE /* AppDelegate.swift in Sources */ = {isa = PBXBuildFile; fileRef = E28BF9B8254EFBDE006669BE /* AppDelegate.swift */; };
		E28BF9BB254EFBDE006669BE /* SceneDelegate.swift in Sources */ = {isa = PBXBuildFile; fileRef = E28BF9BA254EFBDE006669BE /* SceneDelegate.swift */; };
		E28BF9BD254EFBDE006669BE /* LoginVC.swift in Sources */ = {isa = PBXBuildFile; fileRef = E28BF9BC254EFBDE006669BE /* LoginVC.swift */; };
		E28BF9C0254EFBDE006669BE /* Main.storyboard in Resources */ = {isa = PBXBuildFile; fileRef = E28BF9BE254EFBDE006669BE /* Main.storyboard */; };
		E28BF9C2254EFBE3006669BE /* Assets.xcassets in Resources */ = {isa = PBXBuildFile; fileRef = E28BF9C1254EFBE3006669BE /* Assets.xcassets */; };
		E28BF9C5254EFBE3006669BE /* LaunchScreen.storyboard in Resources */ = {isa = PBXBuildFile; fileRef = E28BF9C3254EFBE3006669BE /* LaunchScreen.storyboard */; };
		E28BF9D0254EFBE4006669BE /* On_the_MapTests.swift in Sources */ = {isa = PBXBuildFile; fileRef = E28BF9CF254EFBE4006669BE /* On_the_MapTests.swift */; };
		E28BF9DB254EFBE4006669BE /* On_the_MapUITests.swift in Sources */ = {isa = PBXBuildFile; fileRef = E28BF9DA254EFBE4006669BE /* On_the_MapUITests.swift */; };
		E28BF9F52550DA5C006669BE /* UdacityClient.swift in Sources */ = {isa = PBXBuildFile; fileRef = E28BF9F42550DA5C006669BE /* UdacityClient.swift */; };
		E28BF9FD2550DAA2006669BE /* Constants.swift in Sources */ = {isa = PBXBuildFile; fileRef = E28BF9FC2550DAA2006669BE /* Constants.swift */; };
		E28BFA2325574F62006669BE /* ListTableViewVC.swift in Sources */ = {isa = PBXBuildFile; fileRef = E28BFA2225574F62006669BE /* ListTableViewVC.swift */; };
		E28BFA332557B055006669BE /* CustomButton.swift in Sources */ = {isa = PBXBuildFile; fileRef = E28BFA322557B055006669BE /* CustomButton.swift */; };
		E28BFA3B2558E70B006669BE /* Utilities.swift in Sources */ = {isa = PBXBuildFile; fileRef = E28BFA3A2558E70B006669BE /* Utilities.swift */; };
		E2FBB64E2573852A008D0EE7 /* TabBarVC.swift in Sources */ = {isa = PBXBuildFile; fileRef = E2FBB64D2573852A008D0EE7 /* TabBarVC.swift */; };
		E2FBB6592576FA64008D0EE7 /* LoginRequest.swift in Sources */ = {isa = PBXBuildFile; fileRef = E2FBB6582576FA64008D0EE7 /* LoginRequest.swift */; };
		E2FBB6612577779E008D0EE7 /* NetworkRequestHelper.swift in Sources */ = {isa = PBXBuildFile; fileRef = E2FBB6602577779E008D0EE7 /* NetworkRequestHelper.swift */; };
		E2FBB672257B6DAC008D0EE7 /* LoginResponse.swift in Sources */ = {isa = PBXBuildFile; fileRef = E2FBB671257B6DAC008D0EE7 /* LoginResponse.swift */; };
		E2FBB67A257B6F8F008D0EE7 /* GetStudentLocationResults.swift in Sources */ = {isa = PBXBuildFile; fileRef = E2FBB679257B6F8F008D0EE7 /* GetStudentLocationResults.swift */; };
		E2FBB682257CC5E5008D0EE7 /* StudentLocationRequest.swift in Sources */ = {isa = PBXBuildFile; fileRef = E2FBB681257CC5E5008D0EE7 /* StudentLocationRequest.swift */; };
		FD0F2BBF3EDBF36473B0FC55 /* Pods_On_the_Map_On_the_MapUITests.framework in Frameworks */ = {isa = PBXBuildFile; fileRef = 5EAD7DEA2A55AA67059BAAD9 /* Pods_On_the_Map_On_the_MapUITests.framework */; };
/* End PBXBuildFile section */

/* Begin PBXContainerItemProxy section */
		E28BF9CC254EFBE4006669BE /* PBXContainerItemProxy */ = {
			isa = PBXContainerItemProxy;
			containerPortal = E28BF9AD254EFBDE006669BE /* Project object */;
			proxyType = 1;
			remoteGlobalIDString = E28BF9B4254EFBDE006669BE;
			remoteInfo = "On the Map";
		};
		E28BF9D7254EFBE4006669BE /* PBXContainerItemProxy */ = {
			isa = PBXContainerItemProxy;
			containerPortal = E28BF9AD254EFBDE006669BE /* Project object */;
			proxyType = 1;
			remoteGlobalIDString = E28BF9B4254EFBDE006669BE;
			remoteInfo = "On the Map";
		};
/* End PBXContainerItemProxy section */

/* Begin PBXFileReference section */
		40820CAE48D5E59DF5132C2B /* Pods-On the Map-On the MapUITests.debug.xcconfig */ = {isa = PBXFileReference; includeInIndex = 1; lastKnownFileType = text.xcconfig; name = "Pods-On the Map-On the MapUITests.debug.xcconfig"; path = "Target Support Files/Pods-On the Map-On the MapUITests/Pods-On the Map-On the MapUITests.debug.xcconfig"; sourceTree = "<group>"; };
		40E993C95B9A906B4519F05C /* Pods-On the MapTests.release.xcconfig */ = {isa = PBXFileReference; includeInIndex = 1; lastKnownFileType = text.xcconfig; name = "Pods-On the MapTests.release.xcconfig"; path = "Target Support Files/Pods-On the MapTests/Pods-On the MapTests.release.xcconfig"; sourceTree = "<group>"; };
		48362548E44E04BF3D42DBAB /* Pods-On the Map.debug.xcconfig */ = {isa = PBXFileReference; includeInIndex = 1; lastKnownFileType = text.xcconfig; name = "Pods-On the Map.debug.xcconfig"; path = "Target Support Files/Pods-On the Map/Pods-On the Map.debug.xcconfig"; sourceTree = "<group>"; };
		5EAD7DEA2A55AA67059BAAD9 /* Pods_On_the_Map_On_the_MapUITests.framework */ = {isa = PBXFileReference; explicitFileType = wrapper.framework; includeInIndex = 0; path = Pods_On_the_Map_On_the_MapUITests.framework; sourceTree = BUILT_PRODUCTS_DIR; };
		6494324A9A448F35674C83EA /* Pods-On the MapTests.debug.xcconfig */ = {isa = PBXFileReference; includeInIndex = 1; lastKnownFileType = text.xcconfig; name = "Pods-On the MapTests.debug.xcconfig"; path = "Target Support Files/Pods-On the MapTests/Pods-On the MapTests.debug.xcconfig"; sourceTree = "<group>"; };
		886C2EC33501AC0810308341 /* Pods_On_the_Map.framework */ = {isa = PBXFileReference; explicitFileType = wrapper.framework; includeInIndex = 0; path = Pods_On_the_Map.framework; sourceTree = BUILT_PRODUCTS_DIR; };
		8D437F432DDE43ECA3F5DE77 /* Pods-On the Map-On the MapUITests.release.xcconfig */ = {isa = PBXFileReference; includeInIndex = 1; lastKnownFileType = text.xcconfig; name = "Pods-On the Map-On the MapUITests.release.xcconfig"; path = "Target Support Files/Pods-On the Map-On the MapUITests/Pods-On the Map-On the MapUITests.release.xcconfig"; sourceTree = "<group>"; };
		9A3DECEEFD162F9CAD5D1AEA /* Pods_On_the_MapTests.framework */ = {isa = PBXFileReference; explicitFileType = wrapper.framework; includeInIndex = 0; path = Pods_On_the_MapTests.framework; sourceTree = BUILT_PRODUCTS_DIR; };
		E21DDBB82563B6A200480F16 /* UserProfile.swift */ = {isa = PBXFileReference; lastKnownFileType = sourcecode.swift; path = UserProfile.swift; sourceTree = "<group>"; };
		E21DDBC12564DFD700480F16 /* AddLocationVC.swift */ = {isa = PBXFileReference; lastKnownFileType = sourcecode.swift; path = AddLocationVC.swift; sourceTree = "<group>"; };
		E21DDBC62564E2FA00480F16 /* LocationPreviewVC.swift */ = {isa = PBXFileReference; lastKnownFileType = sourcecode.swift; path = LocationPreviewVC.swift; sourceTree = "<group>"; };
		E21DDBD32567FEC600480F16 /* Alert.swift */ = {isa = PBXFileReference; lastKnownFileType = sourcecode.swift; path = Alert.swift; sourceTree = "<group>"; };
		E21DDBDC25680E7900480F16 /* MapViewVC.swift */ = {isa = PBXFileReference; lastKnownFileType = sourcecode.swift; path = MapViewVC.swift; sourceTree = "<group>"; };
		E267851C255E724600741DAE /* StudentLocation.swift */ = {isa = PBXFileReference; lastKnownFileType = sourcecode.swift; path = StudentLocation.swift; sourceTree = "<group>"; };
		E27A1774257E16DC0062D26B /* PostStudentLocationResponse.swift */ = {isa = PBXFileReference; lastKnownFileType = sourcecode.swift; path = PostStudentLocationResponse.swift; sourceTree = "<group>"; };
		E27A1779257E7C310062D26B /* UpdateStudentLocationResponse.swift */ = {isa = PBXFileReference; lastKnownFileType = sourcecode.swift; path = UpdateStudentLocationResponse.swift; sourceTree = "<group>"; };
		E27A1781257E7E290062D26B /* DeleteSessionResponse.swift */ = {isa = PBXFileReference; lastKnownFileType = sourcecode.swift; path = DeleteSessionResponse.swift; sourceTree = "<group>"; };
		E27A1786257E80730062D26B /* Session.swift */ = {isa = PBXFileReference; lastKnownFileType = sourcecode.swift; path = Session.swift; sourceTree = "<group>"; };
		E27A1791258856330062D26B /* UIViewController+Extensions.swift */ = {isa = PBXFileReference; lastKnownFileType = sourcecode.swift; path = "UIViewController+Extensions.swift"; sourceTree = "<group>"; };
		E28BF9B5254EFBDE006669BE /* On the Map.app */ = {isa = PBXFileReference; explicitFileType = wrapper.application; includeInIndex = 0; path = "On the Map.app"; sourceTree = BUILT_PRODUCTS_DIR; };
		E28BF9B8254EFBDE006669BE /* AppDelegate.swift */ = {isa = PBXFileReference; lastKnownFileType = sourcecode.swift; path = AppDelegate.swift; sourceTree = "<group>"; };
		E28BF9BA254EFBDE006669BE /* SceneDelegate.swift */ = {isa = PBXFileReference; lastKnownFileType = sourcecode.swift; path = SceneDelegate.swift; sourceTree = "<group>"; };
		E28BF9BC254EFBDE006669BE /* LoginVC.swift */ = {isa = PBXFileReference; lastKnownFileType = sourcecode.swift; path = LoginVC.swift; sourceTree = "<group>"; };
		E28BF9BF254EFBDE006669BE /* Base */ = {isa = PBXFileReference; lastKnownFileType = file.storyboard; name = Base; path = Base.lproj/Main.storyboard; sourceTree = "<group>"; };
		E28BF9C1254EFBE3006669BE /* Assets.xcassets */ = {isa = PBXFileReference; lastKnownFileType = folder.assetcatalog; path = Assets.xcassets; sourceTree = "<group>"; };
		E28BF9C4254EFBE3006669BE /* Base */ = {isa = PBXFileReference; lastKnownFileType = file.storyboard; name = Base; path = Base.lproj/LaunchScreen.storyboard; sourceTree = "<group>"; };
		E28BF9C6254EFBE3006669BE /* Info.plist */ = {isa = PBXFileReference; lastKnownFileType = text.plist.xml; path = Info.plist; sourceTree = "<group>"; };
		E28BF9CB254EFBE4006669BE /* On the MapTests.xctest */ = {isa = PBXFileReference; explicitFileType = wrapper.cfbundle; includeInIndex = 0; path = "On the MapTests.xctest"; sourceTree = BUILT_PRODUCTS_DIR; };
		E28BF9CF254EFBE4006669BE /* On_the_MapTests.swift */ = {isa = PBXFileReference; lastKnownFileType = sourcecode.swift; path = On_the_MapTests.swift; sourceTree = "<group>"; };
		E28BF9D1254EFBE4006669BE /* Info.plist */ = {isa = PBXFileReference; lastKnownFileType = text.plist.xml; path = Info.plist; sourceTree = "<group>"; };
		E28BF9D6254EFBE4006669BE /* On the MapUITests.xctest */ = {isa = PBXFileReference; explicitFileType = wrapper.cfbundle; includeInIndex = 0; path = "On the MapUITests.xctest"; sourceTree = BUILT_PRODUCTS_DIR; };
		E28BF9DA254EFBE4006669BE /* On_the_MapUITests.swift */ = {isa = PBXFileReference; lastKnownFileType = sourcecode.swift; path = On_the_MapUITests.swift; sourceTree = "<group>"; };
		E28BF9DC254EFBE4006669BE /* Info.plist */ = {isa = PBXFileReference; lastKnownFileType = text.plist.xml; path = Info.plist; sourceTree = "<group>"; };
		E28BF9F42550DA5C006669BE /* UdacityClient.swift */ = {isa = PBXFileReference; lastKnownFileType = sourcecode.swift; path = UdacityClient.swift; sourceTree = "<group>"; };
		E28BF9FC2550DAA2006669BE /* Constants.swift */ = {isa = PBXFileReference; lastKnownFileType = sourcecode.swift; path = Constants.swift; sourceTree = "<group>"; };
		E28BFA2225574F62006669BE /* ListTableViewVC.swift */ = {isa = PBXFileReference; lastKnownFileType = sourcecode.swift; path = ListTableViewVC.swift; sourceTree = "<group>"; };
		E28BFA322557B055006669BE /* CustomButton.swift */ = {isa = PBXFileReference; lastKnownFileType = sourcecode.swift; path = CustomButton.swift; sourceTree = "<group>"; };
		E28BFA3A2558E70B006669BE /* Utilities.swift */ = {isa = PBXFileReference; lastKnownFileType = sourcecode.swift; path = Utilities.swift; sourceTree = "<group>"; };
		E2FBB64D2573852A008D0EE7 /* TabBarVC.swift */ = {isa = PBXFileReference; lastKnownFileType = sourcecode.swift; path = TabBarVC.swift; sourceTree = "<group>"; };
		E2FBB6582576FA64008D0EE7 /* LoginRequest.swift */ = {isa = PBXFileReference; lastKnownFileType = sourcecode.swift; path = LoginRequest.swift; sourceTree = "<group>"; };
		E2FBB6602577779E008D0EE7 /* NetworkRequestHelper.swift */ = {isa = PBXFileReference; lastKnownFileType = sourcecode.swift; path = NetworkRequestHelper.swift; sourceTree = "<group>"; };
		E2FBB671257B6DAC008D0EE7 /* LoginResponse.swift */ = {isa = PBXFileReference; lastKnownFileType = sourcecode.swift; path = LoginResponse.swift; sourceTree = "<group>"; };
		E2FBB679257B6F8F008D0EE7 /* GetStudentLocationResults.swift */ = {isa = PBXFileReference; lastKnownFileType = sourcecode.swift; path = GetStudentLocationResults.swift; sourceTree = "<group>"; };
		E2FBB681257CC5E5008D0EE7 /* StudentLocationRequest.swift */ = {isa = PBXFileReference; lastKnownFileType = sourcecode.swift; path = StudentLocationRequest.swift; sourceTree = "<group>"; };
		FEDFFCF1778CCEFEF0CF3CB0 /* Pods-On the Map.release.xcconfig */ = {isa = PBXFileReference; includeInIndex = 1; lastKnownFileType = text.xcconfig; name = "Pods-On the Map.release.xcconfig"; path = "Target Support Files/Pods-On the Map/Pods-On the Map.release.xcconfig"; sourceTree = "<group>"; };
/* End PBXFileReference section */

/* Begin PBXFrameworksBuildPhase section */
		E28BF9B2254EFBDE006669BE /* Frameworks */ = {
			isa = PBXFrameworksBuildPhase;
			buildActionMask = 2147483647;
			files = (
				9554E99AD0E07C686049C6F6 /* Pods_On_the_Map.framework in Frameworks */,
			);
			runOnlyForDeploymentPostprocessing = 0;
		};
		E28BF9C8254EFBE4006669BE /* Frameworks */ = {
			isa = PBXFrameworksBuildPhase;
			buildActionMask = 2147483647;
			files = (
				0B2B17671872765B7E4EE690 /* Pods_On_the_MapTests.framework in Frameworks */,
			);
			runOnlyForDeploymentPostprocessing = 0;
		};
		E28BF9D3254EFBE4006669BE /* Frameworks */ = {
			isa = PBXFrameworksBuildPhase;
			buildActionMask = 2147483647;
			files = (
				FD0F2BBF3EDBF36473B0FC55 /* Pods_On_the_Map_On_the_MapUITests.framework in Frameworks */,
			);
			runOnlyForDeploymentPostprocessing = 0;
		};
/* End PBXFrameworksBuildPhase section */

/* Begin PBXGroup section */
		66E8C93A716259BF89A9F9CC /* Frameworks */ = {
			isa = PBXGroup;
			children = (
				886C2EC33501AC0810308341 /* Pods_On_the_Map.framework */,
				5EAD7DEA2A55AA67059BAAD9 /* Pods_On_the_Map_On_the_MapUITests.framework */,
				9A3DECEEFD162F9CAD5D1AEA /* Pods_On_the_MapTests.framework */,
			);
			name = Frameworks;
			sourceTree = "<group>";
		};
		8CFB8530AFABA0AA666C9C8E /* Pods */ = {
			isa = PBXGroup;
			children = (
				48362548E44E04BF3D42DBAB /* Pods-On the Map.debug.xcconfig */,
				FEDFFCF1778CCEFEF0CF3CB0 /* Pods-On the Map.release.xcconfig */,
				40820CAE48D5E59DF5132C2B /* Pods-On the Map-On the MapUITests.debug.xcconfig */,
				8D437F432DDE43ECA3F5DE77 /* Pods-On the Map-On the MapUITests.release.xcconfig */,
				6494324A9A448F35674C83EA /* Pods-On the MapTests.debug.xcconfig */,
				40E993C95B9A906B4519F05C /* Pods-On the MapTests.release.xcconfig */,
			);
			path = Pods;
			sourceTree = "<group>";
		};
		E21DDBCE2567F52B00480F16 /* App Utilities */ = {
			isa = PBXGroup;
			children = (
				E28BF9FC2550DAA2006669BE /* Constants.swift */,
				E28BFA3A2558E70B006669BE /* Utilities.swift */,
				E21DDBD32567FEC600480F16 /* Alert.swift */,
			);
			path = "App Utilities";
			sourceTree = "<group>";
		};
		E21DDBD22567F75200480F16 /* Networking */ = {
			isa = PBXGroup;
			children = (
				E28BF9F22550D89A006669BE /* Requests */,
				E28BF9F32550D8A3006669BE /* Responses */,
			);
			path = Networking;
			sourceTree = "<group>";
		};
		E28BF9AC254EFBDE006669BE = {
			isa = PBXGroup;
			children = (
				E28BF9B7254EFBDE006669BE /* On the Map */,
				E28BF9CE254EFBE4006669BE /* On the MapTests */,
				E28BF9D9254EFBE4006669BE /* On the MapUITests */,
				E28BF9B6254EFBDE006669BE /* Products */,
				8CFB8530AFABA0AA666C9C8E /* Pods */,
				66E8C93A716259BF89A9F9CC /* Frameworks */,
			);
			sourceTree = "<group>";
		};
		E28BF9B6254EFBDE006669BE /* Products */ = {
			isa = PBXGroup;
			children = (
				E28BF9B5254EFBDE006669BE /* On the Map.app */,
				E28BF9CB254EFBE4006669BE /* On the MapTests.xctest */,
				E28BF9D6254EFBE4006669BE /* On the MapUITests.xctest */,
			);
			name = Products;
			sourceTree = "<group>";
		};
		E28BF9B7254EFBDE006669BE /* On the Map */ = {
			isa = PBXGroup;
			children = (
				E28BF9C6254EFBE3006669BE /* Info.plist */,
				E28BF9B8254EFBDE006669BE /* AppDelegate.swift */,
				E28BF9BA254EFBDE006669BE /* SceneDelegate.swift */,
				E21DDBCE2567F52B00480F16 /* App Utilities */,
				E28BFA45255D1277006669BE /* Networking */,
				E28BF9EE254EFD36006669BE /* Model */,
				E28BF9EF254EFD3C006669BE /* View */,
				E28BF9F0254EFD43006669BE /* Controller */,
				E28BF9F1254EFD74006669BE /* Assets */,
			);
			path = "On the Map";
			sourceTree = "<group>";
		};
		E28BF9CE254EFBE4006669BE /* On the MapTests */ = {
			isa = PBXGroup;
			children = (
				E28BF9CF254EFBE4006669BE /* On_the_MapTests.swift */,
				E28BF9D1254EFBE4006669BE /* Info.plist */,
			);
			path = "On the MapTests";
			sourceTree = "<group>";
		};
		E28BF9D9254EFBE4006669BE /* On the MapUITests */ = {
			isa = PBXGroup;
			children = (
				E28BF9DA254EFBE4006669BE /* On_the_MapUITests.swift */,
				E28BF9DC254EFBE4006669BE /* Info.plist */,
			);
			path = "On the MapUITests";
			sourceTree = "<group>";
		};
		E28BF9EE254EFD36006669BE /* Model */ = {
			isa = PBXGroup;
			children = (
				E2FBB666257777E7008D0EE7 /* Data */,
				E21DDBD22567F75200480F16 /* Networking */,
			);
			path = Model;
			sourceTree = "<group>";
		};
		E28BF9EF254EFD3C006669BE /* View */ = {
			isa = PBXGroup;
			children = (
				E28BFA322557B055006669BE /* CustomButton.swift */,
				E28BF9BE254EFBDE006669BE /* Main.storyboard */,
				E28BF9C3254EFBE3006669BE /* LaunchScreen.storyboard */,
			);
			path = View;
			sourceTree = "<group>";
		};
		E28BF9F0254EFD43006669BE /* Controller */ = {
			isa = PBXGroup;
			children = (
				E28BF9BC254EFBDE006669BE /* LoginVC.swift */,
				E2FBB64D2573852A008D0EE7 /* TabBarVC.swift */,
				E21DDBDC25680E7900480F16 /* MapViewVC.swift */,
				E28BFA2225574F62006669BE /* ListTableViewVC.swift */,
				E21DDBC12564DFD700480F16 /* AddLocationVC.swift */,
				E21DDBC62564E2FA00480F16 /* LocationPreviewVC.swift */,
				E27A1791258856330062D26B /* UIViewController+Extensions.swift */,
			);
			path = Controller;
			sourceTree = "<group>";
		};
		E28BF9F1254EFD74006669BE /* Assets */ = {
			isa = PBXGroup;
			children = (
				E28BF9C1254EFBE3006669BE /* Assets.xcassets */,
			);
			path = Assets;
			sourceTree = "<group>";
		};
		E28BF9F22550D89A006669BE /* Requests */ = {
			isa = PBXGroup;
			children = (
				E2FBB6582576FA64008D0EE7 /* LoginRequest.swift */,
				E2FBB681257CC5E5008D0EE7 /* StudentLocationRequest.swift */,
			);
			path = Requests;
			sourceTree = "<group>";
		};
		E28BF9F32550D8A3006669BE /* Responses */ = {
			isa = PBXGroup;
			children = (
				E27A1786257E80730062D26B /* Session.swift */,
				E2FBB671257B6DAC008D0EE7 /* LoginResponse.swift */,
				E21DDBB82563B6A200480F16 /* UserProfile.swift */,
				E2FBB679257B6F8F008D0EE7 /* GetStudentLocationResults.swift */,
				E27A1774257E16DC0062D26B /* PostStudentLocationResponse.swift */,
				E27A1779257E7C310062D26B /* UpdateStudentLocationResponse.swift */,
				E27A1781257E7E290062D26B /* DeleteSessionResponse.swift */,
			);
			path = Responses;
			sourceTree = "<group>";
		};
		E28BFA45255D1277006669BE /* Networking */ = {
			isa = PBXGroup;
			children = (
				E2FBB66D257A2458008D0EE7 /* Clients */,
				E2FBB6602577779E008D0EE7 /* NetworkRequestHelper.swift */,
			);
			path = Networking;
			sourceTree = "<group>";
		};
		E2FBB666257777E7008D0EE7 /* Data */ = {
			isa = PBXGroup;
			children = (
				E267851C255E724600741DAE /* StudentLocation.swift */,
			);
			path = Data;
			sourceTree = "<group>";
		};
		E2FBB66D257A2458008D0EE7 /* Clients */ = {
			isa = PBXGroup;
			children = (
				E28BF9F42550DA5C006669BE /* UdacityClient.swift */,
			);
			path = Clients;
			sourceTree = "<group>";
		};
/* End PBXGroup section */

/* Begin PBXNativeTarget section */
		E28BF9B4254EFBDE006669BE /* On the Map */ = {
			isa = PBXNativeTarget;
			buildConfigurationList = E28BF9DF254EFBE4006669BE /* Build configuration list for PBXNativeTarget "On the Map" */;
			buildPhases = (
				FA9D47A9167029A95064A2FF /* [CP] Check Pods Manifest.lock */,
				E28BF9B1254EFBDE006669BE /* Sources */,
				E28BF9B2254EFBDE006669BE /* Frameworks */,
				E28BF9B3254EFBDE006669BE /* Resources */,
				28FDDBD8E9A20F8403478125 /* [CP] Embed Pods Frameworks */,
			);
			buildRules = (
			);
			dependencies = (
			);
			name = "On the Map";
			productName = "On the Map";
			productReference = E28BF9B5254EFBDE006669BE /* On the Map.app */;
			productType = "com.apple.product-type.application";
		};
		E28BF9CA254EFBE4006669BE /* On the MapTests */ = {
			isa = PBXNativeTarget;
			buildConfigurationList = E28BF9E2254EFBE4006669BE /* Build configuration list for PBXNativeTarget "On the MapTests" */;
			buildPhases = (
				75D05BFC3E4829155ED0C3CA /* [CP] Check Pods Manifest.lock */,
				E28BF9C7254EFBE4006669BE /* Sources */,
				E28BF9C8254EFBE4006669BE /* Frameworks */,
				E28BF9C9254EFBE4006669BE /* Resources */,
			);
			buildRules = (
			);
			dependencies = (
				E28BF9CD254EFBE4006669BE /* PBXTargetDependency */,
			);
			name = "On the MapTests";
			productName = "On the MapTests";
			productReference = E28BF9CB254EFBE4006669BE /* On the MapTests.xctest */;
			productType = "com.apple.product-type.bundle.unit-test";
		};
		E28BF9D5254EFBE4006669BE /* On the MapUITests */ = {
			isa = PBXNativeTarget;
			buildConfigurationList = E28BF9E5254EFBE4006669BE /* Build configuration list for PBXNativeTarget "On the MapUITests" */;
			buildPhases = (
				4B69B7B2D63CF463F93B64B8 /* [CP] Check Pods Manifest.lock */,
				E28BF9D2254EFBE4006669BE /* Sources */,
				E28BF9D3254EFBE4006669BE /* Frameworks */,
				E28BF9D4254EFBE4006669BE /* Resources */,
				53695FCA5D9B89369F89A83B /* [CP] Embed Pods Frameworks */,
			);
			buildRules = (
			);
			dependencies = (
				E28BF9D8254EFBE4006669BE /* PBXTargetDependency */,
			);
			name = "On the MapUITests";
			productName = "On the MapUITests";
			productReference = E28BF9D6254EFBE4006669BE /* On the MapUITests.xctest */;
			productType = "com.apple.product-type.bundle.ui-testing";
		};
/* End PBXNativeTarget section */

/* Begin PBXProject section */
		E28BF9AD254EFBDE006669BE /* Project object */ = {
			isa = PBXProject;
			attributes = {
				LastSwiftUpdateCheck = 1210;
				LastUpgradeCheck = 1210;
				TargetAttributes = {
					E28BF9B4254EFBDE006669BE = {
						CreatedOnToolsVersion = 12.1;
					};
					E28BF9CA254EFBE4006669BE = {
						CreatedOnToolsVersion = 12.1;
						TestTargetID = E28BF9B4254EFBDE006669BE;
					};
					E28BF9D5254EFBE4006669BE = {
						CreatedOnToolsVersion = 12.1;
						TestTargetID = E28BF9B4254EFBDE006669BE;
					};
				};
			};
			buildConfigurationList = E28BF9B0254EFBDE006669BE /* Build configuration list for PBXProject "On the Map" */;
			compatibilityVersion = "Xcode 9.3";
			developmentRegion = en;
			hasScannedForEncodings = 0;
			knownRegions = (
				en,
				Base,
			);
			mainGroup = E28BF9AC254EFBDE006669BE;
			productRefGroup = E28BF9B6254EFBDE006669BE /* Products */;
			projectDirPath = "";
			projectRoot = "";
			targets = (
				E28BF9B4254EFBDE006669BE /* On the Map */,
				E28BF9CA254EFBE4006669BE /* On the MapTests */,
				E28BF9D5254EFBE4006669BE /* On the MapUITests */,
			);
		};
/* End PBXProject section */

/* Begin PBXResourcesBuildPhase section */
		E28BF9B3254EFBDE006669BE /* Resources */ = {
			isa = PBXResourcesBuildPhase;
			buildActionMask = 2147483647;
			files = (
				E28BF9C5254EFBE3006669BE /* LaunchScreen.storyboard in Resources */,
				E28BF9C2254EFBE3006669BE /* Assets.xcassets in Resources */,
				E28BF9C0254EFBDE006669BE /* Main.storyboard in Resources */,
			);
			runOnlyForDeploymentPostprocessing = 0;
		};
		E28BF9C9254EFBE4006669BE /* Resources */ = {
			isa = PBXResourcesBuildPhase;
			buildActionMask = 2147483647;
			files = (
			);
			runOnlyForDeploymentPostprocessing = 0;
		};
		E28BF9D4254EFBE4006669BE /* Resources */ = {
			isa = PBXResourcesBuildPhase;
			buildActionMask = 2147483647;
			files = (
			);
			runOnlyForDeploymentPostprocessing = 0;
		};
/* End PBXResourcesBuildPhase section */

/* Begin PBXShellScriptBuildPhase section */
		28FDDBD8E9A20F8403478125 /* [CP] Embed Pods Frameworks */ = {
			isa = PBXShellScriptBuildPhase;
			buildActionMask = 2147483647;
			files = (
			);
			inputFileListPaths = (
				"${PODS_ROOT}/Target Support Files/Pods-On the Map/Pods-On the Map-frameworks-${CONFIGURATION}-input-files.xcfilelist",
			);
			name = "[CP] Embed Pods Frameworks";
			outputFileListPaths = (
				"${PODS_ROOT}/Target Support Files/Pods-On the Map/Pods-On the Map-frameworks-${CONFIGURATION}-output-files.xcfilelist",
			);
			runOnlyForDeploymentPostprocessing = 0;
			shellPath = /bin/sh;
			shellScript = "\"${PODS_ROOT}/Target Support Files/Pods-On the Map/Pods-On the Map-frameworks.sh\"\n";
			showEnvVarsInLog = 0;
		};
		4B69B7B2D63CF463F93B64B8 /* [CP] Check Pods Manifest.lock */ = {
			isa = PBXShellScriptBuildPhase;
			buildActionMask = 2147483647;
			files = (
			);
			inputFileListPaths = (
			);
			inputPaths = (
				"${PODS_PODFILE_DIR_PATH}/Podfile.lock",
				"${PODS_ROOT}/Manifest.lock",
			);
			name = "[CP] Check Pods Manifest.lock";
			outputFileListPaths = (
			);
			outputPaths = (
				"$(DERIVED_FILE_DIR)/Pods-On the Map-On the MapUITests-checkManifestLockResult.txt",
			);
			runOnlyForDeploymentPostprocessing = 0;
			shellPath = /bin/sh;
			shellScript = "diff \"${PODS_PODFILE_DIR_PATH}/Podfile.lock\" \"${PODS_ROOT}/Manifest.lock\" > /dev/null\nif [ $? != 0 ] ; then\n    # print error to STDERR\n    echo \"error: The sandbox is not in sync with the Podfile.lock. Run 'pod install' or update your CocoaPods installation.\" >&2\n    exit 1\nfi\n# This output is used by Xcode 'outputs' to avoid re-running this script phase.\necho \"SUCCESS\" > \"${SCRIPT_OUTPUT_FILE_0}\"\n";
			showEnvVarsInLog = 0;
		};
		53695FCA5D9B89369F89A83B /* [CP] Embed Pods Frameworks */ = {
			isa = PBXShellScriptBuildPhase;
			buildActionMask = 2147483647;
			files = (
			);
			inputFileListPaths = (
				"${PODS_ROOT}/Target Support Files/Pods-On the Map-On the MapUITests/Pods-On the Map-On the MapUITests-frameworks-${CONFIGURATION}-input-files.xcfilelist",
			);
			name = "[CP] Embed Pods Frameworks";
			outputFileListPaths = (
				"${PODS_ROOT}/Target Support Files/Pods-On the Map-On the MapUITests/Pods-On the Map-On the MapUITests-frameworks-${CONFIGURATION}-output-files.xcfilelist",
			);
			runOnlyForDeploymentPostprocessing = 0;
			shellPath = /bin/sh;
			shellScript = "\"${PODS_ROOT}/Target Support Files/Pods-On the Map-On the MapUITests/Pods-On the Map-On the MapUITests-frameworks.sh\"\n";
			showEnvVarsInLog = 0;
		};
		75D05BFC3E4829155ED0C3CA /* [CP] Check Pods Manifest.lock */ = {
			isa = PBXShellScriptBuildPhase;
			buildActionMask = 2147483647;
			files = (
			);
			inputFileListPaths = (
			);
			inputPaths = (
				"${PODS_PODFILE_DIR_PATH}/Podfile.lock",
				"${PODS_ROOT}/Manifest.lock",
			);
			name = "[CP] Check Pods Manifest.lock";
			outputFileListPaths = (
			);
			outputPaths = (
				"$(DERIVED_FILE_DIR)/Pods-On the MapTests-checkManifestLockResult.txt",
			);
			runOnlyForDeploymentPostprocessing = 0;
			shellPath = /bin/sh;
			shellScript = "diff \"${PODS_PODFILE_DIR_PATH}/Podfile.lock\" \"${PODS_ROOT}/Manifest.lock\" > /dev/null\nif [ $? != 0 ] ; then\n    # print error to STDERR\n    echo \"error: The sandbox is not in sync with the Podfile.lock. Run 'pod install' or update your CocoaPods installation.\" >&2\n    exit 1\nfi\n# This output is used by Xcode 'outputs' to avoid re-running this script phase.\necho \"SUCCESS\" > \"${SCRIPT_OUTPUT_FILE_0}\"\n";
			showEnvVarsInLog = 0;
		};
		FA9D47A9167029A95064A2FF /* [CP] Check Pods Manifest.lock */ = {
			isa = PBXShellScriptBuildPhase;
			buildActionMask = 2147483647;
			files = (
			);
			inputFileListPaths = (
			);
			inputPaths = (
				"${PODS_PODFILE_DIR_PATH}/Podfile.lock",
				"${PODS_ROOT}/Manifest.lock",
			);
			name = "[CP] Check Pods Manifest.lock";
			outputFileListPaths = (
			);
			outputPaths = (
				"$(DERIVED_FILE_DIR)/Pods-On the Map-checkManifestLockResult.txt",
			);
			runOnlyForDeploymentPostprocessing = 0;
			shellPath = /bin/sh;
			shellScript = "diff \"${PODS_PODFILE_DIR_PATH}/Podfile.lock\" \"${PODS_ROOT}/Manifest.lock\" > /dev/null\nif [ $? != 0 ] ; then\n    # print error to STDERR\n    echo \"error: The sandbox is not in sync with the Podfile.lock. Run 'pod install' or update your CocoaPods installation.\" >&2\n    exit 1\nfi\n# This output is used by Xcode 'outputs' to avoid re-running this script phase.\necho \"SUCCESS\" > \"${SCRIPT_OUTPUT_FILE_0}\"\n";
			showEnvVarsInLog = 0;
		};
/* End PBXShellScriptBuildPhase section */

/* Begin PBXSourcesBuildPhase section */
		E28BF9B1254EFBDE006669BE /* Sources */ = {
			isa = PBXSourcesBuildPhase;
			buildActionMask = 2147483647;
			files = (
				E2FBB6612577779E008D0EE7 /* NetworkRequestHelper.swift in Sources */,
				E28BF9FD2550DAA2006669BE /* Constants.swift in Sources */,
				E27A1782257E7E290062D26B /* DeleteSessionResponse.swift in Sources */,
				E28BF9F52550DA5C006669BE /* UdacityClient.swift in Sources */,
				E21DDBB92563B6A200480F16 /* UserProfile.swift in Sources */,
				E21DDBD42567FEC600480F16 /* Alert.swift in Sources */,
				E2FBB64E2573852A008D0EE7 /* TabBarVC.swift in Sources */,
				E27A177A257E7C310062D26B /* UpdateStudentLocationResponse.swift in Sources */,
				E21DDBDD25680E7900480F16 /* MapViewVC.swift in Sources */,
				E28BFA3B2558E70B006669BE /* Utilities.swift in Sources */,
				E2FBB67A257B6F8F008D0EE7 /* GetStudentLocationResults.swift in Sources */,
				E28BFA332557B055006669BE /* CustomButton.swift in Sources */,
				E28BF9BD254EFBDE006669BE /* LoginVC.swift in Sources */,
				E21DDBC72564E2FA00480F16 /* LocationPreviewVC.swift in Sources */,
				E2FBB682257CC5E5008D0EE7 /* StudentLocationRequest.swift in Sources */,
				E2FBB6592576FA64008D0EE7 /* LoginRequest.swift in Sources */,
				E28BFA2325574F62006669BE /* ListTableViewVC.swift in Sources */,
				E28BF9B9254EFBDE006669BE /* AppDelegate.swift in Sources */,
				E27A1787257E80730062D26B /* Session.swift in Sources */,
				E27A1775257E16DC0062D26B /* PostStudentLocationResponse.swift in Sources */,
				E27A1792258856330062D26B /* UIViewController+Extensions.swift in Sources */,
				E267851D255E724600741DAE /* StudentLocation.swift in Sources */,
				E21DDBC22564DFD700480F16 /* AddLocationVC.swift in Sources */,
				E28BF9BB254EFBDE006669BE /* SceneDelegate.swift in Sources */,
				E2FBB672257B6DAC008D0EE7 /* LoginResponse.swift in Sources */,
			);
			runOnlyForDeploymentPostprocessing = 0;
		};
		E28BF9C7254EFBE4006669BE /* Sources */ = {
			isa = PBXSourcesBuildPhase;
			buildActionMask = 2147483647;
			files = (
				E28BF9D0254EFBE4006669BE /* On_the_MapTests.swift in Sources */,
			);
			runOnlyForDeploymentPostprocessing = 0;
		};
		E28BF9D2254EFBE4006669BE /* Sources */ = {
			isa = PBXSourcesBuildPhase;
			buildActionMask = 2147483647;
			files = (
				E28BF9DB254EFBE4006669BE /* On_the_MapUITests.swift in Sources */,
			);
			runOnlyForDeploymentPostprocessing = 0;
		};
/* End PBXSourcesBuildPhase section */

/* Begin PBXTargetDependency section */
		E28BF9CD254EFBE4006669BE /* PBXTargetDependency */ = {
			isa = PBXTargetDependency;
			target = E28BF9B4254EFBDE006669BE /* On the Map */;
			targetProxy = E28BF9CC254EFBE4006669BE /* PBXContainerItemProxy */;
		};
		E28BF9D8254EFBE4006669BE /* PBXTargetDependency */ = {
			isa = PBXTargetDependency;
			target = E28BF9B4254EFBDE006669BE /* On the Map */;
			targetProxy = E28BF9D7254EFBE4006669BE /* PBXContainerItemProxy */;
		};
/* End PBXTargetDependency section */

/* Begin PBXVariantGroup section */
		E28BF9BE254EFBDE006669BE /* Main.storyboard */ = {
			isa = PBXVariantGroup;
			children = (
				E28BF9BF254EFBDE006669BE /* Base */,
			);
			name = Main.storyboard;
			sourceTree = "<group>";
		};
		E28BF9C3254EFBE3006669BE /* LaunchScreen.storyboard */ = {
			isa = PBXVariantGroup;
			children = (
				E28BF9C4254EFBE3006669BE /* Base */,
			);
			name = LaunchScreen.storyboard;
			sourceTree = "<group>";
		};
/* End PBXVariantGroup section */

/* Begin XCBuildConfiguration section */
		E28BF9DD254EFBE4006669BE /* Debug */ = {
			isa = XCBuildConfiguration;
			buildSettings = {
				ALWAYS_SEARCH_USER_PATHS = NO;
				CLANG_ANALYZER_NONNULL = YES;
				CLANG_ANALYZER_NUMBER_OBJECT_CONVERSION = YES_AGGRESSIVE;
				CLANG_CXX_LANGUAGE_STANDARD = "gnu++14";
				CLANG_CXX_LIBRARY = "libc++";
				CLANG_ENABLE_MODULES = YES;
				CLANG_ENABLE_OBJC_ARC = YES;
				CLANG_ENABLE_OBJC_WEAK = YES;
				CLANG_WARN_BLOCK_CAPTURE_AUTORELEASING = YES;
				CLANG_WARN_BOOL_CONVERSION = YES;
				CLANG_WARN_COMMA = YES;
				CLANG_WARN_CONSTANT_CONVERSION = YES;
				CLANG_WARN_DEPRECATED_OBJC_IMPLEMENTATIONS = YES;
				CLANG_WARN_DIRECT_OBJC_ISA_USAGE = YES_ERROR;
				CLANG_WARN_DOCUMENTATION_COMMENTS = YES;
				CLANG_WARN_EMPTY_BODY = YES;
				CLANG_WARN_ENUM_CONVERSION = YES;
				CLANG_WARN_INFINITE_RECURSION = YES;
				CLANG_WARN_INT_CONVERSION = YES;
				CLANG_WARN_NON_LITERAL_NULL_CONVERSION = YES;
				CLANG_WARN_OBJC_IMPLICIT_RETAIN_SELF = YES;
				CLANG_WARN_OBJC_LITERAL_CONVERSION = YES;
				CLANG_WARN_OBJC_ROOT_CLASS = YES_ERROR;
				CLANG_WARN_QUOTED_INCLUDE_IN_FRAMEWORK_HEADER = YES;
				CLANG_WARN_RANGE_LOOP_ANALYSIS = YES;
				CLANG_WARN_STRICT_PROTOTYPES = YES;
				CLANG_WARN_SUSPICIOUS_MOVE = YES;
				CLANG_WARN_UNGUARDED_AVAILABILITY = YES_AGGRESSIVE;
				CLANG_WARN_UNREACHABLE_CODE = YES;
				CLANG_WARN__DUPLICATE_METHOD_MATCH = YES;
				COPY_PHASE_STRIP = NO;
				DEBUG_INFORMATION_FORMAT = dwarf;
				ENABLE_STRICT_OBJC_MSGSEND = YES;
				ENABLE_TESTABILITY = YES;
				GCC_C_LANGUAGE_STANDARD = gnu11;
				GCC_DYNAMIC_NO_PIC = NO;
				GCC_NO_COMMON_BLOCKS = YES;
				GCC_OPTIMIZATION_LEVEL = 0;
				GCC_PREPROCESSOR_DEFINITIONS = (
					"DEBUG=1",
					"$(inherited)",
				);
				GCC_WARN_64_TO_32_BIT_CONVERSION = YES;
				GCC_WARN_ABOUT_RETURN_TYPE = YES_ERROR;
				GCC_WARN_UNDECLARED_SELECTOR = YES;
				GCC_WARN_UNINITIALIZED_AUTOS = YES_AGGRESSIVE;
				GCC_WARN_UNUSED_FUNCTION = YES;
				GCC_WARN_UNUSED_VARIABLE = YES;
				IPHONEOS_DEPLOYMENT_TARGET = 14.1;
				MTL_ENABLE_DEBUG_INFO = INCLUDE_SOURCE;
				MTL_FAST_MATH = YES;
				ONLY_ACTIVE_ARCH = YES;
				SDKROOT = iphoneos;
				SWIFT_ACTIVE_COMPILATION_CONDITIONS = DEBUG;
				SWIFT_OPTIMIZATION_LEVEL = "-Onone";
			};
			name = Debug;
		};
		E28BF9DE254EFBE4006669BE /* Release */ = {
			isa = XCBuildConfiguration;
			buildSettings = {
				ALWAYS_SEARCH_USER_PATHS = NO;
				CLANG_ANALYZER_NONNULL = YES;
				CLANG_ANALYZER_NUMBER_OBJECT_CONVERSION = YES_AGGRESSIVE;
				CLANG_CXX_LANGUAGE_STANDARD = "gnu++14";
				CLANG_CXX_LIBRARY = "libc++";
				CLANG_ENABLE_MODULES = YES;
				CLANG_ENABLE_OBJC_ARC = YES;
				CLANG_ENABLE_OBJC_WEAK = YES;
				CLANG_WARN_BLOCK_CAPTURE_AUTORELEASING = YES;
				CLANG_WARN_BOOL_CONVERSION = YES;
				CLANG_WARN_COMMA = YES;
				CLANG_WARN_CONSTANT_CONVERSION = YES;
				CLANG_WARN_DEPRECATED_OBJC_IMPLEMENTATIONS = YES;
				CLANG_WARN_DIRECT_OBJC_ISA_USAGE = YES_ERROR;
				CLANG_WARN_DOCUMENTATION_COMMENTS = YES;
				CLANG_WARN_EMPTY_BODY = YES;
				CLANG_WARN_ENUM_CONVERSION = YES;
				CLANG_WARN_INFINITE_RECURSION = YES;
				CLANG_WARN_INT_CONVERSION = YES;
				CLANG_WARN_NON_LITERAL_NULL_CONVERSION = YES;
				CLANG_WARN_OBJC_IMPLICIT_RETAIN_SELF = YES;
				CLANG_WARN_OBJC_LITERAL_CONVERSION = YES;
				CLANG_WARN_OBJC_ROOT_CLASS = YES_ERROR;
				CLANG_WARN_QUOTED_INCLUDE_IN_FRAMEWORK_HEADER = YES;
				CLANG_WARN_RANGE_LOOP_ANALYSIS = YES;
				CLANG_WARN_STRICT_PROTOTYPES = YES;
				CLANG_WARN_SUSPICIOUS_MOVE = YES;
				CLANG_WARN_UNGUARDED_AVAILABILITY = YES_AGGRESSIVE;
				CLANG_WARN_UNREACHABLE_CODE = YES;
				CLANG_WARN__DUPLICATE_METHOD_MATCH = YES;
				COPY_PHASE_STRIP = NO;
				DEBUG_INFORMATION_FORMAT = "dwarf-with-dsym";
				ENABLE_NS_ASSERTIONS = NO;
				ENABLE_STRICT_OBJC_MSGSEND = YES;
				GCC_C_LANGUAGE_STANDARD = gnu11;
				GCC_NO_COMMON_BLOCKS = YES;
				GCC_WARN_64_TO_32_BIT_CONVERSION = YES;
				GCC_WARN_ABOUT_RETURN_TYPE = YES_ERROR;
				GCC_WARN_UNDECLARED_SELECTOR = YES;
				GCC_WARN_UNINITIALIZED_AUTOS = YES_AGGRESSIVE;
				GCC_WARN_UNUSED_FUNCTION = YES;
				GCC_WARN_UNUSED_VARIABLE = YES;
				IPHONEOS_DEPLOYMENT_TARGET = 14.1;
				MTL_ENABLE_DEBUG_INFO = NO;
				MTL_FAST_MATH = YES;
				SDKROOT = iphoneos;
				SWIFT_COMPILATION_MODE = wholemodule;
				SWIFT_OPTIMIZATION_LEVEL = "-O";
				VALIDATE_PRODUCT = YES;
			};
			name = Release;
		};
		E28BF9E0254EFBE4006669BE /* Debug */ = {
			isa = XCBuildConfiguration;
			baseConfigurationReference = 48362548E44E04BF3D42DBAB /* Pods-On the Map.debug.xcconfig */;
			buildSettings = {
				ASSETCATALOG_COMPILER_APPICON_NAME = AppIcon;
				ASSETCATALOG_COMPILER_GLOBAL_ACCENT_COLOR_NAME = AccentColor;
				CODE_SIGN_STYLE = Automatic;
				DEVELOPMENT_TEAM = 86ZS9MTMVC;
				INFOPLIST_FILE = "On the Map/Info.plist";
				LD_RUNPATH_SEARCH_PATHS = (
					"$(inherited)",
					"@executable_path/Frameworks",
				);
				PRODUCT_BUNDLE_IDENTIFIER = "com.markyjordan.On-the-Map";
				PRODUCT_NAME = "$(TARGET_NAME)";
				SWIFT_VERSION = 5.0;
				TARGETED_DEVICE_FAMILY = "1,2";
			};
			name = Debug;
		};
		E28BF9E1254EFBE4006669BE /* Release */ = {
			isa = XCBuildConfiguration;
			baseConfigurationReference = FEDFFCF1778CCEFEF0CF3CB0 /* Pods-On the Map.release.xcconfig */;
			buildSettings = {
				ASSETCATALOG_COMPILER_APPICON_NAME = AppIcon;
				ASSETCATALOG_COMPILER_GLOBAL_ACCENT_COLOR_NAME = AccentColor;
				CODE_SIGN_STYLE = Automatic;
				DEVELOPMENT_TEAM = 86ZS9MTMVC;
				INFOPLIST_FILE = "On the Map/Info.plist";
				LD_RUNPATH_SEARCH_PATHS = (
					"$(inherited)",
					"@executable_path/Frameworks",
				);
				PRODUCT_BUNDLE_IDENTIFIER = "com.markyjordan.On-the-Map";
				PRODUCT_NAME = "$(TARGET_NAME)";
				SWIFT_VERSION = 5.0;
				TARGETED_DEVICE_FAMILY = "1,2";
			};
			name = Release;
		};
		E28BF9E3254EFBE4006669BE /* Debug */ = {
			isa = XCBuildConfiguration;
			baseConfigurationReference = 6494324A9A448F35674C83EA /* Pods-On the MapTests.debug.xcconfig */;
			buildSettings = {
				ALWAYS_EMBED_SWIFT_STANDARD_LIBRARIES = YES;
				BUNDLE_LOADER = "$(TEST_HOST)";
				CODE_SIGN_STYLE = Automatic;
				DEVELOPMENT_TEAM = 86ZS9MTMVC;
				INFOPLIST_FILE = "On the MapTests/Info.plist";
				IPHONEOS_DEPLOYMENT_TARGET = 14.1;
				LD_RUNPATH_SEARCH_PATHS = (
					"$(inherited)",
					"@executable_path/Frameworks",
					"@loader_path/Frameworks",
				);
				PRODUCT_BUNDLE_IDENTIFIER = "com.markyjordan.On-the-MapTests";
				PRODUCT_NAME = "$(TARGET_NAME)";
				SWIFT_VERSION = 5.0;
				TARGETED_DEVICE_FAMILY = "1,2";
				TEST_HOST = "$(BUILT_PRODUCTS_DIR)/On the Map.app/On the Map";
			};
			name = Debug;
		};
		E28BF9E4254EFBE4006669BE /* Release */ = {
			isa = XCBuildConfiguration;
			baseConfigurationReference = 40E993C95B9A906B4519F05C /* Pods-On the MapTests.release.xcconfig */;
			buildSettings = {
				ALWAYS_EMBED_SWIFT_STANDARD_LIBRARIES = YES;
				BUNDLE_LOADER = "$(TEST_HOST)";
				CODE_SIGN_STYLE = Automatic;
				DEVELOPMENT_TEAM = 86ZS9MTMVC;
				INFOPLIST_FILE = "On the MapTests/Info.plist";
				IPHONEOS_DEPLOYMENT_TARGET = 14.1;
				LD_RUNPATH_SEARCH_PATHS = (
					"$(inherited)",
					"@executable_path/Frameworks",
					"@loader_path/Frameworks",
				);
				PRODUCT_BUNDLE_IDENTIFIER = "com.markyjordan.On-the-MapTests";
				PRODUCT_NAME = "$(TARGET_NAME)";
				SWIFT_VERSION = 5.0;
				TARGETED_DEVICE_FAMILY = "1,2";
				TEST_HOST = "$(BUILT_PRODUCTS_DIR)/On the Map.app/On the Map";
			};
			name = Release;
		};
		E28BF9E6254EFBE4006669BE /* Debug */ = {
			isa = XCBuildConfiguration;
			baseConfigurationReference = 40820CAE48D5E59DF5132C2B /* Pods-On the Map-On the MapUITests.debug.xcconfig */;
			buildSettings = {
				ALWAYS_EMBED_SWIFT_STANDARD_LIBRARIES = YES;
				CODE_SIGN_STYLE = Automatic;
				DEVELOPMENT_TEAM = 86ZS9MTMVC;
				INFOPLIST_FILE = "On the MapUITests/Info.plist";
				LD_RUNPATH_SEARCH_PATHS = (
					"$(inherited)",
					"@executable_path/Frameworks",
					"@loader_path/Frameworks",
				);
				PRODUCT_BUNDLE_IDENTIFIER = "com.markyjordan.On-the-MapUITests";
				PRODUCT_NAME = "$(TARGET_NAME)";
				SWIFT_VERSION = 5.0;
				TARGETED_DEVICE_FAMILY = "1,2";
				TEST_TARGET_NAME = "On the Map";
			};
			name = Debug;
		};
		E28BF9E7254EFBE4006669BE /* Release */ = {
			isa = XCBuildConfiguration;
			baseConfigurationReference = 8D437F432DDE43ECA3F5DE77 /* Pods-On the Map-On the MapUITests.release.xcconfig */;
			buildSettings = {
				ALWAYS_EMBED_SWIFT_STANDARD_LIBRARIES = YES;
				CODE_SIGN_STYLE = Automatic;
				DEVELOPMENT_TEAM = 86ZS9MTMVC;
				INFOPLIST_FILE = "On the MapUITests/Info.plist";
				LD_RUNPATH_SEARCH_PATHS = (
					"$(inherited)",
					"@executable_path/Frameworks",
					"@loader_path/Frameworks",
				);
				PRODUCT_BUNDLE_IDENTIFIER = "com.markyjordan.On-the-MapUITests";
				PRODUCT_NAME = "$(TARGET_NAME)";
				SWIFT_VERSION = 5.0;
				TARGETED_DEVICE_FAMILY = "1,2";
				TEST_TARGET_NAME = "On the Map";
			};
			name = Release;
		};
/* End XCBuildConfiguration section */

/* Begin XCConfigurationList section */
		E28BF9B0254EFBDE006669BE /* Build configuration list for PBXProject "On the Map" */ = {
			isa = XCConfigurationList;
			buildConfigurations = (
				E28BF9DD254EFBE4006669BE /* Debug */,
				E28BF9DE254EFBE4006669BE /* Release */,
			);
			defaultConfigurationIsVisible = 0;
			defaultConfigurationName = Release;
		};
		E28BF9DF254EFBE4006669BE /* Build configuration list for PBXNativeTarget "On the Map" */ = {
			isa = XCConfigurationList;
			buildConfigurations = (
				E28BF9E0254EFBE4006669BE /* Debug */,
				E28BF9E1254EFBE4006669BE /* Release */,
			);
			defaultConfigurationIsVisible = 0;
			defaultConfigurationName = Release;
		};
		E28BF9E2254EFBE4006669BE /* Build configuration list for PBXNativeTarget "On the MapTests" */ = {
			isa = XCConfigurationList;
			buildConfigurations = (
				E28BF9E3254EFBE4006669BE /* Debug */,
				E28BF9E4254EFBE4006669BE /* Release */,
			);
			defaultConfigurationIsVisible = 0;
			defaultConfigurationName = Release;
		};
		E28BF9E5254EFBE4006669BE /* Build configuration list for PBXNativeTarget "On the MapUITests" */ = {
			isa = XCConfigurationList;
			buildConfigurations = (
				E28BF9E6254EFBE4006669BE /* Debug */,
				E28BF9E7254EFBE4006669BE /* Release */,
			);
			defaultConfigurationIsVisible = 0;
			defaultConfigurationName = Release;
		};
/* End XCConfigurationList section */
	};
	rootObject = E28BF9AD254EFBDE006669BE /* Project object */;
}
