PODS:
  - FBSDKCoreKit (8.1.0):
    - FBSDKCoreKit/Basics (= 8.1.0)
    - FBSDKCoreKit/Core (= 8.1.0)
  - FBSDKCoreKit/Basics (8.1.0)
  - FBSDKCoreKit/Core (8.1.0):
    - FBSDKCoreKit/Basics
  - FBSDKLoginKit (8.1.0):
    - FBSDKLoginKit/Login (= 8.1.0)
  - FBSDKLoginKit/Login (8.1.0):
    - FBSDKCoreKit (~> 8.1.0)

DEPENDENCIES:
  - FBSDKCoreKit
  - FBSDKLoginKit

SPEC REPOS:
  trunk:
    - FBSDKCoreKit
    - FBSDKLoginKit

SPEC CHECKSUMS:
  FBSDKCoreKit: b3ca27e124dae67122d3bb47c8f96800b39986a6
  FBSDKLoginKit: a3a92ba9380759cd0c1aa8319465fb5f2857c602

PODFILE CHECKSUM: 2262f1a5ce7a93e0bbfd68257c2e8859edd536f4

COCOAPODS: 1.10.0.rc.1
